<?xml version="1.0" encoding="UTF-8"?>
<Scheme
   LastUpgradeVersion = "0460"
   version = "1.7">
   <BuildAction
      parallelizeBuildables = "YES"
      buildImplicitDependencies = "YES">
      <PostActions>
         <ExecutionAction
            ActionType = "Xcode.IDEStandardExecutionActionsCore.ExecutionActionType.ShellScriptAction">
            <ActionContent
               title = "Run Script"
               scriptText = "#!/bin/bash&#10;#&#10;# (Above line comes out when placing in Xcode scheme)&#10;#&#10;&#10;#API_TOKEN=&lt;TestFlight API token here&gt;&#10;#TEAM_TOKEN=&lt;TestFlight team token here&gt;&#10;#SIGNING_IDENTITY=&quot;iPhone Distribution: Development Seed&quot;&#10;#PROVISIONING_PROFILE=&quot;${HOME}/Library/MobileDevice/Provisioning Profiles/MapBox Ad Hoc.mobileprovision&quot;&#10;#LOG=&quot;${HOME}/Desktop/REFx3build.log&quot;&#10;#GROWL=&quot;${HOME}/bin/growlnotify -a Xcode -w&quot;&#10;&#10;#DATE=$( /bin/date +&quot;%Y-%m-%d&quot; )&#10;#ARCHIVE=$( /bin/ls -t &quot;${HOME}/Library/Developer/Xcode/Archives/${DATE}&quot; | /usr/bin/grep xcarchive | /usr/bin/sed -n 1p )&#10;#DSYM=&quot;${HOME}/Library/Developer/Xcode/Archives/${DATE}/${ARCHIVE}/dSYMs/${PRODUCT_NAME}.app.dSYM&quot;&#10;#APP=&quot;${HOME}/Library/Developer/Xcode/Archives/${DATE}/${ARCHIVE}/Products/Applications/${PRODUCT_NAME}.app&quot;&#10;&#10;#/usr/bin/open -a /Applications/Utilities/Console.app $LOG&#10;&#10;#echo -n &quot;Creating ${BUILT_PRODUCTS_DIR}... &quot; &gt; $LOG&#10;#echo -n &quot;Creating ${PRODUCT_NAME}... &quot; &gt; $LOG&#10;&#10;#env &gt; $LOG&#10;&#10;#pwd &gt; $LOG&#10;#/bin/cp -av &quot;build/Debug/${PRODUCT_NAME}&quot; &quot;${HOME}/Desktop/&quot;&#10;#echo &quot;done.&quot; &gt;&gt; $LOG&#10;">
               <EnvironmentBuildable>
                  <BuildableReference
                     BuildableIdentifier = "primary"
                     BlueprintIdentifier = "3EC97C8C14488BDB00B81F47"
                     BuildableName = "REFx3.app"
                     BlueprintName = "REFx3"
                     ReferencedContainer = "container:REFx3.xcodeproj">
                  </BuildableReference>
               </EnvironmentBuildable>
            </ActionContent>
         </ExecutionAction>
      </PostActions>
      <BuildActionEntries>
         <BuildActionEntry
            buildForTesting = "YES"
            buildForRunning = "YES"
            buildForProfiling = "YES"
            buildForArchiving = "YES"
            buildForAnalyzing = "YES">
            <BuildableReference
               BuildableIdentifier = "primary"
               BlueprintIdentifier = "3EC97C8C14488BDB00B81F47"
               BuildableName = "REFx3.app"
               BlueprintName = "REFx3"
               ReferencedContainer = "container:REFx3.xcodeproj">
            </BuildableReference>
         </BuildActionEntry>
      </BuildActionEntries>
   </BuildAction>
   <TestAction
      selectedDebuggerIdentifier = "Xcode.DebuggerFoundation.Debugger.LLDB"
      selectedLauncherIdentifier = "Xcode.DebuggerFoundation.Launcher.GDB"
      shouldUseLaunchSchemeArgsEnv = "YES"
      buildConfiguration = "Debug">
      <Testables>
      </Testables>
   </TestAction>
   <LaunchAction
      selectedDebuggerIdentifier = "Xcode.DebuggerFoundation.Debugger.LLDB"
      selectedLauncherIdentifier = "Xcode.DebuggerFoundation.Launcher.LLDB"
      launchStyle = "0"
      useCustomWorkingDirectory = "NO"
      buildConfiguration = "Debug"
      ignoresPersistentStateOnLaunch = "NO"
      debugDocumentVersioning = "YES"
      allowLocationSimulation = "YES">
      <BuildableProductRunnable>
         <BuildableReference
            BuildableIdentifier = "primary"
            BlueprintIdentifier = "3EC97C8C14488BDB00B81F47"
            BuildableName = "REFx3.app"
            BlueprintName = "REFx3"
            ReferencedContainer = "container:REFx3.xcodeproj">
         </BuildableReference>
      </BuildableProductRunnable>
      <AdditionalOptions>
      </AdditionalOptions>
   </LaunchAction>
   <ProfileAction
      shouldUseLaunchSchemeArgsEnv = "YES"
      savedToolIdentifier = ""
      useCustomWorkingDirectory = "NO"
      buildConfiguration = "Release"
      debugDocumentVersioning = "YES">
      <BuildableProductRunnable>
         <BuildableReference
            BuildableIdentifier = "primary"
            BlueprintIdentifier = "3EC97C8C14488BDB00B81F47"
            BuildableName = "REFx3.app"
            BlueprintName = "REFx3"
            ReferencedContainer = "container:REFx3.xcodeproj">
         </BuildableReference>
      </BuildableProductRunnable>
   </ProfileAction>
   <AnalyzeAction
      buildConfiguration = "Debug">
   </AnalyzeAction>
   <ArchiveAction
      buildConfiguration = "Release"
      revealArchiveInOrganizer = "YES">
   </ArchiveAction>
</Scheme>
